
Microsoft Visual Studio Solution File, Format Version 12.00
# Visual Studio Version 17
VisualStudioVersion = 17.0.31903.59
MinimumVisualStudioVersion = 10.0.40219.1
Project("{FAE04EC0-301F-11D3-BF4B-00C04F79EFBC}") = "orgcat.web", "orgcat.web\orgcat.web.csproj", "{1FB0252C-52C7-4822-8D22-5B4392F7DEEE}"
EndProject
Project("{FAE04EC0-301F-11D3-BF4B-00C04F79EFBC}") = "orgcat.domain", "orgcat.domain\orgcat.domain.csproj", "{39938D4F-52DA-4DA3-ADDE-DE90808EE66D}"
EndProject
Project("{FAE04EC0-301F-11D3-BF4B-00C04F79EFBC}") = "orgcat.postgresdb", "orgcat.postgresdb\orgcat.postgresdb.csproj", "{3B74F77E-77C2-4241-A003-4E9ED0E8426B}"
EndProject
Project("{FAE04EC0-301F-11D3-BF4B-00C04F79EFBC}") = "orgcat.domain.test", "orgcat.domain.test\orgcat.domain.test.csproj", "{2C9E9C67-7A43-4F2A-B4D3-BC17BF0B8624}"
EndProject
Global
	GlobalSection(SolutionConfigurationPlatforms) = preSolution
		Debug|Any CPU = Debug|Any CPU
		Release|Any CPU = Release|Any CPU
	EndGlobalSection
	GlobalSection(SolutionProperties) = preSolution
		HideSolutionNode = FALSE
	EndGlobalSection
	GlobalSection(ProjectConfigurationPlatforms) = postSolution
		{1FB0252C-52C7-4822-8D22-5B4392F7DEEE}.Debug|Any CPU.ActiveCfg = Debug|Any CPU
		{1FB0252C-52C7-4822-8D22-5B4392F7DEEE}.Debug|Any CPU.Build.0 = Debug|Any CPU
		{1FB0252C-52C7-4822-8D22-5B4392F7DEEE}.Release|Any CPU.ActiveCfg = Release|Any CPU
		{1FB0252C-52C7-4822-8D22-5B4392F7DEEE}.Release|Any CPU.Build.0 = Release|Any CPU
		{39938D4F-52DA-4DA3-ADDE-DE90808EE66D}.Debug|Any CPU.ActiveCfg = Debug|Any CPU
		{39938D4F-52DA-4DA3-ADDE-DE90808EE66D}.Debug|Any CPU.Build.0 = Debug|Any CPU
		{39938D4F-52DA-4DA3-ADDE-DE90808EE66D}.Release|Any CPU.ActiveCfg = Release|Any CPU
		{39938D4F-52DA-4DA3-ADDE-DE90808EE66D}.Release|Any CPU.Build.0 = Release|Any CPU
		{3B74F77E-77C2-4241-A003-4E9ED0E8426B}.Debug|Any CPU.ActiveCfg = Debug|Any CPU
		{3B74F77E-77C2-4241-A003-4E9ED0E8426B}.Debug|Any CPU.Build.0 = Debug|Any CPU
		{3B74F77E-77C2-4241-A003-4E9ED0E8426B}.Release|Any CPU.ActiveCfg = Release|Any CPU
		{3B74F77E-77C2-4241-A003-4E9ED0E8426B}.Release|Any CPU.Build.0 = Release|Any CPU
		{2C9E9C67-7A43-4F2A-B4D3-BC17BF0B8624}.Debug|Any CPU.ActiveCfg = Debug|Any CPU
		{2C9E9C67-7A43-4F2A-B4D3-BC17BF0B8624}.Debug|Any CPU.Build.0 = Debug|Any CPU
		{2C9E9C67-7A43-4F2A-B4D3-BC17BF0B8624}.Release|Any CPU.ActiveCfg = Release|Any CPU
		{2C9E9C67-7A43-4F2A-B4D3-BC17BF0B8624}.Release|Any CPU.Build.0 = Release|Any CPU
	EndGlobalSection
EndGlobal
